
Microsoft Visual Studio Solution File, Format Version 12.00
# Visual Studio Version 17
VisualStudioVersion = 17.8.34601.278
MinimumVisualStudioVersion = 10.0.40219.1
Project("{FAE04EC0-301F-11D3-BF4B-00C04F79EFBC}") = "PetStore", "PetStore\PetStore.csproj", "{1106387F-AF27-410D-840A-6F8BF1466F43}"
EndProject
Global
	GlobalSection(SolutionConfigurationPlatforms) = preSolution
		Debug|Any CPU = Debug|Any CPU
		Release|Any CPU = Release|Any CPU
	EndGlobalSection
	GlobalSection(ProjectConfigurationPlatforms) = postSolution
		{1106387F-AF27-410D-840A-6F8BF1466F43}.Debug|Any CPU.ActiveCfg = Debug|Any CPU
		{1106387F-AF27-410D-840A-6F8BF1466F43}.Debug|Any CPU.Build.0 = Debug|Any CPU
		{1106387F-AF27-410D-840A-6F8BF1466F43}.Release|Any CPU.ActiveCfg = Release|Any CPU
		{1106387F-AF27-410D-840A-6F8BF1466F43}.Release|Any CPU.Build.0 = Release|Any CPU
	EndGlobalSection
	GlobalSection(SolutionProperties) = preSolution
		HideSolutionNode = FALSE
	EndGlobalSection
	GlobalSection(ExtensibilityGlobals) = postSolution
		SolutionGuid = {A3085895-A85E-4FFC-A899-63C35F92511C}
	EndGlobalSection
EndGlobal
